// !$*UTF8*$!
{
	archiveVersion = 1;
	classes = {
	};
	objectVersion = 56;
	objects = {

/* Begin PBXBuildFile section */
		6375A13029CA006100D56E64 /* AppDelegate.swift in Sources */ = {isa = PBXBuildFile; fileRef = 6375A12F29CA006100D56E64 /* AppDelegate.swift */; };
		6375A13229CA006100D56E64 /* SceneDelegate.swift in Sources */ = {isa = PBXBuildFile; fileRef = 6375A13129CA006100D56E64 /* SceneDelegate.swift */; };
		6375A13429CA006100D56E64 /* ShortURLViewController.swift in Sources */ = {isa = PBXBuildFile; fileRef = 6375A13329CA006100D56E64 /* ShortURLViewController.swift */; };
		6375A13729CA006100D56E64 /* Main.storyboard in Resources */ = {isa = PBXBuildFile; fileRef = 6375A13529CA006100D56E64 /* Main.storyboard */; };
		6375A13A29CA006100D56E64 /* Easy_URL_Shortener.xcdatamodeld in Sources */ = {isa = PBXBuildFile; fileRef = 6375A13829CA006100D56E64 /* Easy_URL_Shortener.xcdatamodeld */; };
		6375A13C29CA006200D56E64 /* Assets.xcassets in Resources */ = {isa = PBXBuildFile; fileRef = 6375A13B29CA006200D56E64 /* Assets.xcassets */; };
		6375A13F29CA006200D56E64 /* LaunchScreen.storyboard in Resources */ = {isa = PBXBuildFile; fileRef = 6375A13D29CA006200D56E64 /* LaunchScreen.storyboard */; };
		6375A14F29CAF22F00D56E64 /* PreferencesViewController.swift in Sources */ = {isa = PBXBuildFile; fileRef = 6375A14E29CAF22F00D56E64 /* PreferencesViewController.swift */; };
		63A63C9D29CB466E00FDFA06 /* Constants.swift in Sources */ = {isa = PBXBuildFile; fileRef = 63A63C9C29CB466E00FDFA06 /* Constants.swift */; };
		63A63CA029CB530B00FDFA06 /* NetworkingManager.swift in Sources */ = {isa = PBXBuildFile; fileRef = 63A63C9F29CB530B00FDFA06 /* NetworkingManager.swift */; };
		63A63CA229CB891300FDFA06 /* URLData.swift in Sources */ = {isa = PBXBuildFile; fileRef = 63A63CA129CB891300FDFA06 /* URLData.swift */; };
		63A63CA429CC9FC100FDFA06 /* URLModel.swift in Sources */ = {isa = PBXBuildFile; fileRef = 63A63CA329CC9FC100FDFA06 /* URLModel.swift */; };
		63A63CA629CCBCA900FDFA06 /* LocalDataManager.swift in Sources */ = {isa = PBXBuildFile; fileRef = 63A63CA529CCBCA900FDFA06 /* LocalDataManager.swift */; };
		63A63CA829D0826700FDFA06 /* QRViewController.swift in Sources */ = {isa = PBXBuildFile; fileRef = 63A63CA729D0826700FDFA06 /* QRViewController.swift */; };
/* End PBXBuildFile section */

/* Begin PBXFileReference section */
		6375A12C29CA006100D56E64 /* Easy URL Shortener.app */ = {isa = PBXFileReference; explicitFileType = wrapper.application; includeInIndex = 0; path = "Easy URL Shortener.app"; sourceTree = BUILT_PRODUCTS_DIR; };
		6375A12F29CA006100D56E64 /* AppDelegate.swift */ = {isa = PBXFileReference; lastKnownFileType = sourcecode.swift; path = AppDelegate.swift; sourceTree = "<group>"; };
		6375A13129CA006100D56E64 /* SceneDelegate.swift */ = {isa = PBXFileReference; lastKnownFileType = sourcecode.swift; path = SceneDelegate.swift; sourceTree = "<group>"; };
		6375A13329CA006100D56E64 /* ShortURLViewController.swift */ = {isa = PBXFileReference; lastKnownFileType = sourcecode.swift; path = ShortURLViewController.swift; sourceTree = "<group>"; };
		6375A13629CA006100D56E64 /* Base */ = {isa = PBXFileReference; lastKnownFileType = file.storyboard; name = Base; path = Base.lproj/Main.storyboard; sourceTree = "<group>"; };
		6375A13929CA006100D56E64 /* Easy_URL_Shortener.xcdatamodel */ = {isa = PBXFileReference; lastKnownFileType = wrapper.xcdatamodel; path = Easy_URL_Shortener.xcdatamodel; sourceTree = "<group>"; };
		6375A13B29CA006200D56E64 /* Assets.xcassets */ = {isa = PBXFileReference; lastKnownFileType = folder.assetcatalog; path = Assets.xcassets; sourceTree = "<group>"; };
		6375A13E29CA006200D56E64 /* Base */ = {isa = PBXFileReference; lastKnownFileType = file.storyboard; name = Base; path = Base.lproj/LaunchScreen.storyboard; sourceTree = "<group>"; };
		6375A14029CA006200D56E64 /* Info.plist */ = {isa = PBXFileReference; lastKnownFileType = text.plist.xml; path = Info.plist; sourceTree = "<group>"; };
		6375A14E29CAF22F00D56E64 /* PreferencesViewController.swift */ = {isa = PBXFileReference; lastKnownFileType = sourcecode.swift; path = PreferencesViewController.swift; sourceTree = "<group>"; };
		63A63C9C29CB466E00FDFA06 /* Constants.swift */ = {isa = PBXFileReference; lastKnownFileType = sourcecode.swift; path = Constants.swift; sourceTree = "<group>"; };
		63A63C9F29CB530B00FDFA06 /* NetworkingManager.swift */ = {isa = PBXFileReference; lastKnownFileType = sourcecode.swift; path = NetworkingManager.swift; sourceTree = "<group>"; };
		63A63CA129CB891300FDFA06 /* URLData.swift */ = {isa = PBXFileReference; lastKnownFileType = sourcecode.swift; path = URLData.swift; sourceTree = "<group>"; };
		63A63CA329CC9FC100FDFA06 /* URLModel.swift */ = {isa = PBXFileReference; lastKnownFileType = sourcecode.swift; path = URLModel.swift; sourceTree = "<group>"; };
		63A63CA529CCBCA900FDFA06 /* LocalDataManager.swift */ = {isa = PBXFileReference; lastKnownFileType = sourcecode.swift; path = LocalDataManager.swift; sourceTree = "<group>"; };
		63A63CA729D0826700FDFA06 /* QRViewController.swift */ = {isa = PBXFileReference; lastKnownFileType = sourcecode.swift; path = QRViewController.swift; sourceTree = "<group>"; };
/* End PBXFileReference section */

/* Begin PBXFrameworksBuildPhase section */
		6375A12929CA006100D56E64 /* Frameworks */ = {
			isa = PBXFrameworksBuildPhase;
			buildActionMask = 2147483647;
			files = (
			);
			runOnlyForDeploymentPostprocessing = 0;
		};
/* End PBXFrameworksBuildPhase section */

/* Begin PBXGroup section */
		6375A12329CA006100D56E64 = {
			isa = PBXGroup;
			children = (
				6375A12E29CA006100D56E64 /* Easy URL Shortener */,
				6375A12D29CA006100D56E64 /* Products */,
			);
			sourceTree = "<group>";
		};
		6375A12D29CA006100D56E64 /* Products */ = {
			isa = PBXGroup;
			children = (
				6375A12C29CA006100D56E64 /* Easy URL Shortener.app */,
			);
			name = Products;
			sourceTree = "<group>";
		};
		6375A12E29CA006100D56E64 /* Easy URL Shortener */ = {
			isa = PBXGroup;
			children = (
				6375A12F29CA006100D56E64 /* AppDelegate.swift */,
				6375A13129CA006100D56E64 /* SceneDelegate.swift */,
				63A63C9E29CB529F00FDFA06 /* Model */,
				6375A14A29CAF03800D56E64 /* View */,
				6375A14B29CAF03F00D56E64 /* Control */,
				6375A13B29CA006200D56E64 /* Assets.xcassets */,
				6375A13D29CA006200D56E64 /* LaunchScreen.storyboard */,
				6375A14029CA006200D56E64 /* Info.plist */,
				63A63C9C29CB466E00FDFA06 /* Constants.swift */,
			);
			path = "Easy URL Shortener";
			sourceTree = "<group>";
		};
		6375A14A29CAF03800D56E64 /* View */ = {
			isa = PBXGroup;
			children = (
				6375A13529CA006100D56E64 /* Main.storyboard */,
			);
			path = View;
			sourceTree = "<group>";
		};
		6375A14B29CAF03F00D56E64 /* Control */ = {
			isa = PBXGroup;
			children = (
				6375A13329CA006100D56E64 /* ShortURLViewController.swift */,
				6375A14E29CAF22F00D56E64 /* PreferencesViewController.swift */,
				63A63CA729D0826700FDFA06 /* QRViewController.swift */,
			);
			path = Control;
			sourceTree = "<group>";
		};
		63A63C9E29CB529F00FDFA06 /* Model */ = {
			isa = PBXGroup;
			children = (
				6375A13829CA006100D56E64 /* Easy_URL_Shortener.xcdatamodeld */,
				63A63C9F29CB530B00FDFA06 /* NetworkingManager.swift */,
				63A63CA129CB891300FDFA06 /* URLData.swift */,
				63A63CA329CC9FC100FDFA06 /* URLModel.swift */,
				63A63CA529CCBCA900FDFA06 /* LocalDataManager.swift */,
			);
			path = Model;
			sourceTree = "<group>";
		};
/* End PBXGroup section */

/* Begin PBXNativeTarget section */
		6375A12B29CA006100D56E64 /* Easy URL Shortener */ = {
			isa = PBXNativeTarget;
			buildConfigurationList = 6375A14329CA006200D56E64 /* Build configuration list for PBXNativeTarget "Easy URL Shortener" */;
			buildPhases = (
				6375A12829CA006100D56E64 /* Sources */,
				6375A12929CA006100D56E64 /* Frameworks */,
				6375A12A29CA006100D56E64 /* Resources */,
			);
			buildRules = (
			);
			dependencies = (
			);
			name = "Easy URL Shortener";
			productName = "Easy URL Shortener";
			productReference = 6375A12C29CA006100D56E64 /* Easy URL Shortener.app */;
			productType = "com.apple.product-type.application";
		};
/* End PBXNativeTarget section */

/* Begin PBXProject section */
		6375A12429CA006100D56E64 /* Project object */ = {
			isa = PBXProject;
			attributes = {
				BuildIndependentTargetsInParallel = 1;
				LastSwiftUpdateCheck = 1420;
				LastUpgradeCheck = 1420;
				TargetAttributes = {
					6375A12B29CA006100D56E64 = {
						CreatedOnToolsVersion = 14.2;
					};
				};
			};
			buildConfigurationList = 6375A12729CA006100D56E64 /* Build configuration list for PBXProject "Easy URL Shortener" */;
			compatibilityVersion = "Xcode 14.0";
			developmentRegion = en;
			hasScannedForEncodings = 0;
			knownRegions = (
				en,
				Base,
			);
			mainGroup = 6375A12329CA006100D56E64;
			productRefGroup = 6375A12D29CA006100D56E64 /* Products */;
			projectDirPath = "";
			projectRoot = "";
			targets = (
				6375A12B29CA006100D56E64 /* Easy URL Shortener */,
			);
		};
/* End PBXProject section */

/* Begin PBXResourcesBuildPhase section */
		6375A12A29CA006100D56E64 /* Resources */ = {
			isa = PBXResourcesBuildPhase;
			buildActionMask = 2147483647;
			files = (
				6375A13F29CA006200D56E64 /* LaunchScreen.storyboard in Resources */,
				6375A13C29CA006200D56E64 /* Assets.xcassets in Resources */,
				6375A13729CA006100D56E64 /* Main.storyboard in Resources */,
			);
			runOnlyForDeploymentPostprocessing = 0;
		};
/* End PBXResourcesBuildPhase section */

/* Begin PBXSourcesBuildPhase section */
		6375A12829CA006100D56E64 /* Sources */ = {
			isa = PBXSourcesBuildPhase;
			buildActionMask = 2147483647;
			files = (
				6375A13A29CA006100D56E64 /* Easy_URL_Shortener.xcdatamodeld in Sources */,
				6375A13429CA006100D56E64 /* ShortURLViewController.swift in Sources */,
				6375A13029CA006100D56E64 /* AppDelegate.swift in Sources */,
				6375A13229CA006100D56E64 /* SceneDelegate.swift in Sources */,
				63A63CA429CC9FC100FDFA06 /* URLModel.swift in Sources */,
				63A63CA829D0826700FDFA06 /* QRViewController.swift in Sources */,
				63A63CA629CCBCA900FDFA06 /* LocalDataManager.swift in Sources */,
				6375A14F29CAF22F00D56E64 /* PreferencesViewController.swift in Sources */,
				63A63CA229CB891300FDFA06 /* URLData.swift in Sources */,
				63A63C9D29CB466E00FDFA06 /* Constants.swift in Sources */,
				63A63CA029CB530B00FDFA06 /* NetworkingManager.swift in Sources */,
			);
			runOnlyForDeploymentPostprocessing = 0;
		};
/* End PBXSourcesBuildPhase section */

/* Begin PBXVariantGroup section */
		6375A13529CA006100D56E64 /* Main.storyboard */ = {
			isa = PBXVariantGroup;
			children = (
				6375A13629CA006100D56E64 /* Base */,
			);
			name = Main.storyboard;
			sourceTree = "<group>";
		};
		6375A13D29CA006200D56E64 /* LaunchScreen.storyboard */ = {
			isa = PBXVariantGroup;
			children = (
				6375A13E29CA006200D56E64 /* Base */,
			);
			name = LaunchScreen.storyboard;
			sourceTree = "<group>";
		};
/* End PBXVariantGroup section */

/* Begin XCBuildConfiguration section */
		6375A14129CA006200D56E64 /* Debug */ = {
			isa = XCBuildConfiguration;
			buildSettings = {
				ALWAYS_SEARCH_USER_PATHS = NO;
				CLANG_ANALYZER_NONNULL = YES;
				CLANG_ANALYZER_NUMBER_OBJECT_CONVERSION = YES_AGGRESSIVE;
				CLANG_CXX_LANGUAGE_STANDARD = "gnu++20";
				CLANG_ENABLE_MODULES = YES;
				CLANG_ENABLE_OBJC_ARC = YES;
				CLANG_ENABLE_OBJC_WEAK = YES;
				CLANG_WARN_BLOCK_CAPTURE_AUTORELEASING = YES;
				CLANG_WARN_BOOL_CONVERSION = YES;
				CLANG_WARN_COMMA = YES;
				CLANG_WARN_CONSTANT_CONVERSION = YES;
				CLANG_WARN_DEPRECATED_OBJC_IMPLEMENTATIONS = YES;
				CLANG_WARN_DIRECT_OBJC_ISA_USAGE = YES_ERROR;
				CLANG_WARN_DOCUMENTATION_COMMENTS = YES;
				CLANG_WARN_EMPTY_BODY = YES;
				CLANG_WARN_ENUM_CONVERSION = YES;
				CLANG_WARN_INFINITE_RECURSION = YES;
				CLANG_WARN_INT_CONVERSION = YES;
				CLANG_WARN_NON_LITERAL_NULL_CONVERSION = YES;
				CLANG_WARN_OBJC_IMPLICIT_RETAIN_SELF = YES;
				CLANG_WARN_OBJC_LITERAL_CONVERSION = YES;
				CLANG_WARN_OBJC_ROOT_CLASS = YES_ERROR;
				CLANG_WARN_QUOTED_INCLUDE_IN_FRAMEWORK_HEADER = YES;
				CLANG_WARN_RANGE_LOOP_ANALYSIS = YES;
				CLANG_WARN_STRICT_PROTOTYPES = YES;
				CLANG_WARN_SUSPICIOUS_MOVE = YES;
				CLANG_WARN_UNGUARDED_AVAILABILITY = YES_AGGRESSIVE;
				CLANG_WARN_UNREACHABLE_CODE = YES;
				CLANG_WARN__DUPLICATE_METHOD_MATCH = YES;
				COPY_PHASE_STRIP = NO;
				DEBUG_INFORMATION_FORMAT = dwarf;
				ENABLE_STRICT_OBJC_MSGSEND = YES;
				ENABLE_TESTABILITY = YES;
				GCC_C_LANGUAGE_STANDARD = gnu11;
				GCC_DYNAMIC_NO_PIC = NO;
				GCC_NO_COMMON_BLOCKS = YES;
				GCC_OPTIMIZATION_LEVEL = 0;
				GCC_PREPROCESSOR_DEFINITIONS = (
					"DEBUG=1",
					"$(inherited)",
				);
				GCC_WARN_64_TO_32_BIT_CONVERSION = YES;
				GCC_WARN_ABOUT_RETURN_TYPE = YES_ERROR;
				GCC_WARN_UNDECLARED_SELECTOR = YES;
				GCC_WARN_UNINITIALIZED_AUTOS = YES_AGGRESSIVE;
				GCC_WARN_UNUSED_FUNCTION = YES;
				GCC_WARN_UNUSED_VARIABLE = YES;
				IPHONEOS_DEPLOYMENT_TARGET = 16.2;
				MTL_ENABLE_DEBUG_INFO = INCLUDE_SOURCE;
				MTL_FAST_MATH = YES;
				ONLY_ACTIVE_ARCH = YES;
				SDKROOT = iphoneos;
				SWIFT_ACTIVE_COMPILATION_CONDITIONS = DEBUG;
				SWIFT_OPTIMIZATION_LEVEL = "-Onone";
			};
			name = Debug;
		};
		6375A14229CA006200D56E64 /* Release */ = {
			isa = XCBuildConfiguration;
			buildSettings = {
				ALWAYS_SEARCH_USER_PATHS = NO;
				CLANG_ANALYZER_NONNULL = YES;
				CLANG_ANALYZER_NUMBER_OBJECT_CONVERSION = YES_AGGRESSIVE;
				CLANG_CXX_LANGUAGE_STANDARD = "gnu++20";
				CLANG_ENABLE_MODULES = YES;
				CLANG_ENABLE_OBJC_ARC = YES;
				CLANG_ENABLE_OBJC_WEAK = YES;
				CLANG_WARN_BLOCK_CAPTURE_AUTORELEASING = YES;
				CLANG_WARN_BOOL_CONVERSION = YES;
				CLANG_WARN_COMMA = YES;
				CLANG_WARN_CONSTANT_CONVERSION = YES;
				CLANG_WARN_DEPRECATED_OBJC_IMPLEMENTATIONS = YES;
				CLANG_WARN_DIRECT_OBJC_ISA_USAGE = YES_ERROR;
				CLANG_WARN_DOCUMENTATION_COMMENTS = YES;
				CLANG_WARN_EMPTY_BODY = YES;
				CLANG_WARN_ENUM_CONVERSION = YES;
				CLANG_WARN_INFINITE_RECURSION = YES;
				CLANG_WARN_INT_CONVERSION = YES;
				CLANG_WARN_NON_LITERAL_NULL_CONVERSION = YES;
				CLANG_WARN_OBJC_IMPLICIT_RETAIN_SELF = YES;
				CLANG_WARN_OBJC_LITERAL_CONVERSION = YES;
				CLANG_WARN_OBJC_ROOT_CLASS = YES_ERROR;
				CLANG_WARN_QUOTED_INCLUDE_IN_FRAMEWORK_HEADER = YES;
				CLANG_WARN_RANGE_LOOP_ANALYSIS = YES;
				CLANG_WARN_STRICT_PROTOTYPES = YES;
				CLANG_WARN_SUSPICIOUS_MOVE = YES;
				CLANG_WARN_UNGUARDED_AVAILABILITY = YES_AGGRESSIVE;
				CLANG_WARN_UNREACHABLE_CODE = YES;
				CLANG_WARN__DUPLICATE_METHOD_MATCH = YES;
				COPY_PHASE_STRIP = NO;
				DEBUG_INFORMATION_FORMAT = "dwarf-with-dsym";
				ENABLE_NS_ASSERTIONS = NO;
				ENABLE_STRICT_OBJC_MSGSEND = YES;
				GCC_C_LANGUAGE_STANDARD = gnu11;
				GCC_NO_COMMON_BLOCKS = YES;
				GCC_WARN_64_TO_32_BIT_CONVERSION = YES;
				GCC_WARN_ABOUT_RETURN_TYPE = YES_ERROR;
				GCC_WARN_UNDECLARED_SELECTOR = YES;
				GCC_WARN_UNINITIALIZED_AUTOS = YES_AGGRESSIVE;
				GCC_WARN_UNUSED_FUNCTION = YES;
				GCC_WARN_UNUSED_VARIABLE = YES;
				IPHONEOS_DEPLOYMENT_TARGET = 16.2;
				MTL_ENABLE_DEBUG_INFO = NO;
				MTL_FAST_MATH = YES;
				SDKROOT = iphoneos;
				SWIFT_COMPILATION_MODE = wholemodule;
				SWIFT_OPTIMIZATION_LEVEL = "-O";
				VALIDATE_PRODUCT = YES;
			};
			name = Release;
		};
		6375A14429CA006200D56E64 /* Debug */ = {
			isa = XCBuildConfiguration;
			buildSettings = {
				ASSETCATALOG_COMPILER_APPICON_NAME = AppIcon;
				ASSETCATALOG_COMPILER_GLOBAL_ACCENT_COLOR_NAME = AccentColor;
				CODE_SIGN_STYLE = Automatic;
				CURRENT_PROJECT_VERSION = 1;
				DEVELOPMENT_TEAM = Z9RF348FQB;
				GENERATE_INFOPLIST_FILE = YES;
				INFOPLIST_FILE = "Easy URL Shortener/Info.plist";
				INFOPLIST_KEY_CFBundleDisplayName = "Easy URL Shortener";
				INFOPLIST_KEY_LSApplicationCategoryType = "public.app-category.utilities";
				INFOPLIST_KEY_UIApplicationSupportsIndirectInputEvents = YES;
				INFOPLIST_KEY_UILaunchStoryboardName = LaunchScreen;
				INFOPLIST_KEY_UIMainStoryboardFile = Main;
				INFOPLIST_KEY_UIRequiresFullScreen = NO;
				INFOPLIST_KEY_UISupportedInterfaceOrientations = UIInterfaceOrientationPortrait;
				INFOPLIST_KEY_UISupportedInterfaceOrientations_iPad = "UIInterfaceOrientationLandscapeLeft UIInterfaceOrientationLandscapeRight UIInterfaceOrientationPortrait UIInterfaceOrientationPortraitUpsideDown";
				LD_RUNPATH_SEARCH_PATHS = (
					"$(inherited)",
					"@executable_path/Frameworks",
				);
				MARKETING_VERSION = 1.0;
				PRODUCT_BUNDLE_IDENTIFIER = "com.dvdtrsnk.Easy-URL-Shortener";
				PRODUCT_NAME = "$(TARGET_NAME)";
				SUPPORTED_PLATFORMS = "iphoneos iphonesimulator";
				SUPPORTS_MACCATALYST = NO;
				SUPPORTS_MAC_DESIGNED_FOR_IPHONE_IPAD = NO;
				SWIFT_EMIT_LOC_STRINGS = YES;
				SWIFT_VERSION = 5.0;
				TARGETED_DEVICE_FAMILY = "1,2";
			};
			name = Debug;
		};
		6375A14529CA006200D56E64 /* Release */ = {
			isa = XCBuildConfiguration;
			buildSettings = {
				ASSETCATALOG_COMPILER_APPICON_NAME = AppIcon;
				ASSETCATALOG_COMPILER_GLOBAL_ACCENT_COLOR_NAME = AccentColor;
				CODE_SIGN_STYLE = Automatic;
				CURRENT_PROJECT_VERSION = 1;
				DEVELOPMENT_TEAM = Z9RF348FQB;
				GENERATE_INFOPLIST_FILE = YES;
				INFOPLIST_FILE = "Easy URL Shortener/Info.plist";
				INFOPLIST_KEY_CFBundleDisplayName = "Easy URL Shortener";
				INFOPLIST_KEY_LSApplicationCategoryType = "public.app-category.utilities";
				INFOPLIST_KEY_UIApplicationSupportsIndirectInputEvents = YES;
				INFOPLIST_KEY_UILaunchStoryboardName = LaunchScreen;
				INFOPLIST_KEY_UIMainStoryboardFile = Main;
				INFOPLIST_KEY_UIRequiresFullScreen = NO;
				INFOPLIST_KEY_UISupportedInterfaceOrientations = UIInterfaceOrientationPortrait;
				INFOPLIST_KEY_UISupportedInterfaceOrientations_iPad = "UIInterfaceOrientationLandscapeLeft UIInterfaceOrientationLandscapeRight UIInterfaceOrientationPortrait UIInterfaceOrientationPortraitUpsideDown";
				LD_RUNPATH_SEARCH_PATHS = (
					"$(inherited)",
					"@executable_path/Frameworks",
				);
				MARKETING_VERSION = 1.0;
				PRODUCT_BUNDLE_IDENTIFIER = "com.dvdtrsnk.Easy-URL-Shortener";
				PRODUCT_NAME = "$(TARGET_NAME)";
				SUPPORTED_PLATFORMS = "iphoneos iphonesimulator";
				SUPPORTS_MACCATALYST = NO;
				SUPPORTS_MAC_DESIGNED_FOR_IPHONE_IPAD = NO;
				SWIFT_EMIT_LOC_STRINGS = YES;
				SWIFT_VERSION = 5.0;
				TARGETED_DEVICE_FAMILY = "1,2";
			};
			name = Release;
		};
/* End XCBuildConfiguration section */

/* Begin XCConfigurationList section */
		6375A12729CA006100D56E64 /* Build configuration list for PBXProject "Easy URL Shortener" */ = {
			isa = XCConfigurationList;
			buildConfigurations = (
				6375A14129CA006200D56E64 /* Debug */,
				6375A14229CA006200D56E64 /* Release */,
			);
			defaultConfigurationIsVisible = 0;
			defaultConfigurationName = Release;
		};
		6375A14329CA006200D56E64 /* Build configuration list for PBXNativeTarget "Easy URL Shortener" */ = {
			isa = XCConfigurationList;
			buildConfigurations = (
				6375A14429CA006200D56E64 /* Debug */,
				6375A14529CA006200D56E64 /* Release */,
			);
			defaultConfigurationIsVisible = 0;
			defaultConfigurationName = Release;
		};
/* End XCConfigurationList section */

/* Begin XCVersionGroup section */
		6375A13829CA006100D56E64 /* Easy_URL_Shortener.xcdatamodeld */ = {
			isa = XCVersionGroup;
			children = (
				6375A13929CA006100D56E64 /* Easy_URL_Shortener.xcdatamodel */,
			);
			currentVersion = 6375A13929CA006100D56E64 /* Easy_URL_Shortener.xcdatamodel */;
			path = Easy_URL_Shortener.xcdatamodeld;
			sourceTree = "<group>";
			versionGroupType = wrapper.xcdatamodel;
		};
/* End XCVersionGroup section */
	};
	rootObject = 6375A12429CA006100D56E64 /* Project object */;
}
